
Microsoft Visual Studio Solution File, Format Version 12.00
# Visual Studio 15
VisualStudioVersion = 15.0.28307.489
MinimumVisualStudioVersion = 10.0.40219.1
Project("{FAE04EC0-301F-11D3-BF4B-00C04F79EFBC}") = "Enumeracao", "Enumeracao\Enumeracao.csproj", "{D8B812F0-A1D1-4BE8-A687-A97C2FE69046}"
EndProject
Global
	GlobalSection(SolutionConfigurationPlatforms) = preSolution
		Debug|Any CPU = Debug|Any CPU
		Release|Any CPU = Release|Any CPU
	EndGlobalSection
	GlobalSection(ProjectConfigurationPlatforms) = postSolution
		{D8B812F0-A1D1-4BE8-A687-A97C2FE69046}.Debug|Any CPU.ActiveCfg = Debug|Any CPU
		{D8B812F0-A1D1-4BE8-A687-A97C2FE69046}.Debug|Any CPU.Build.0 = Debug|Any CPU
		{D8B812F0-A1D1-4BE8-A687-A97C2FE69046}.Release|Any CPU.ActiveCfg = Release|Any CPU
		{D8B812F0-A1D1-4BE8-A687-A97C2FE69046}.Release|Any CPU.Build.0 = Release|Any CPU
	EndGlobalSection
	GlobalSection(SolutionProperties) = preSolution
		HideSolutionNode = FALSE
	EndGlobalSection
	GlobalSection(ExtensibilityGlobals) = postSolution
		SolutionGuid = {ECC0F59C-036C-4B5B-8FF1-B4A3E2218EC6}
	EndGlobalSection
EndGlobal
